
Microsoft Visual Studio Solution File, Format Version 12.00
# Visual Studio Version 17
VisualStudioVersion = 17.14.36616.10 d17.14
MinimumVisualStudioVersion = 10.0.40219.1
Project("{FAE04EC0-301F-11D3-BF4B-00C04F79EFBC}") = "ClasesParcial3", "ClasesParcial3\ClasesParcial3.csproj", "{81C1AB07-AA7E-431E-99E1-568948116C53}"
EndProject
Project("{FAE04EC0-301F-11D3-BF4B-00C04F79EFBC}") = "AppConsole", "AppConsole\AppConsole.csproj", "{05BCD4E9-6981-43F7-B4D6-72DF1981959F}"
EndProject
Global
	GlobalSection(SolutionConfigurationPlatforms) = preSolution
		Debug|Any CPU = Debug|Any CPU
		Release|Any CPU = Release|Any CPU
	EndGlobalSection
	GlobalSection(ProjectConfigurationPlatforms) = postSolution
		{81C1AB07-AA7E-431E-99E1-568948116C53}.Debug|Any CPU.ActiveCfg = Debug|Any CPU
		{81C1AB07-AA7E-431E-99E1-568948116C53}.Debug|Any CPU.Build.0 = Debug|Any CPU
		{81C1AB07-AA7E-431E-99E1-568948116C53}.Release|Any CPU.ActiveCfg = Release|Any CPU
		{81C1AB07-AA7E-431E-99E1-568948116C53}.Release|Any CPU.Build.0 = Release|Any CPU
		{05BCD4E9-6981-43F7-B4D6-72DF1981959F}.Debug|Any CPU.ActiveCfg = Debug|Any CPU
		{05BCD4E9-6981-43F7-B4D6-72DF1981959F}.Debug|Any CPU.Build.0 = Debug|Any CPU
		{05BCD4E9-6981-43F7-B4D6-72DF1981959F}.Release|Any CPU.ActiveCfg = Release|Any CPU
		{05BCD4E9-6981-43F7-B4D6-72DF1981959F}.Release|Any CPU.Build.0 = Release|Any CPU
	EndGlobalSection
	GlobalSection(SolutionProperties) = preSolution
		HideSolutionNode = FALSE
	EndGlobalSection
	GlobalSection(ExtensibilityGlobals) = postSolution
		SolutionGuid = {3BCA8BB7-44BF-4293-B20D-1120E1D76CED}
	EndGlobalSection
EndGlobal
